
Microsoft Visual Studio Solution File, Format Version 12.00
# Visual Studio Version 17
VisualStudioVersion = 17.4.33205.214
MinimumVisualStudioVersion = 10.0.40219.1
Project("{FAE04EC0-301F-11D3-BF4B-00C04F79EFBC}") = "RAA_Session 08_Skills", "RAA_Session 08_Skills\RAA_Session 08_Skills.csproj", "{6E669F8B-F9A6-47C9-BFA4-41FC678E646F}"
EndProject
Global
	GlobalSection(SolutionConfigurationPlatforms) = preSolution
		Debug|Any CPU = Debug|Any CPU
		Release|Any CPU = Release|Any CPU
	EndGlobalSection
	GlobalSection(ProjectConfigurationPlatforms) = postSolution
		{6E669F8B-F9A6-47C9-BFA4-41FC678E646F}.Debug|Any CPU.ActiveCfg = Debug|Any CPU
		{6E669F8B-F9A6-47C9-BFA4-41FC678E646F}.Debug|Any CPU.Build.0 = Debug|Any CPU
		{6E669F8B-F9A6-47C9-BFA4-41FC678E646F}.Release|Any CPU.ActiveCfg = Release|Any CPU
		{6E669F8B-F9A6-47C9-BFA4-41FC678E646F}.Release|Any CPU.Build.0 = Release|Any CPU
	EndGlobalSection
	GlobalSection(SolutionProperties) = preSolution
		HideSolutionNode = FALSE
	EndGlobalSection
	GlobalSection(ExtensibilityGlobals) = postSolution
		SolutionGuid = {D4EF6998-38AB-4533-A661-5036A1B91285}
	EndGlobalSection
EndGlobal
